
Microsoft Visual Studio Solution File, Format Version 12.00
Project("{2150E333-8FDC-42A3-9474-1A3956D46DE8}") = "solution items", "solution items", "{EF55EAE3-7D11-4D32-8388-91AB2FAAD9EE}"
	ProjectSection(SolutionItems) = preProject
		README.md = README.md
		docker-compose.yaml = docker-compose.yaml
	EndProjectSection
EndProject
Project("{2150E333-8FDC-42A3-9474-1A3956D46DE8}") = "src", "src", "{020DF78C-D102-46CB-8D12-79E6C0573C42}"
EndProject
Project("{FAE04EC0-301F-11D3-BF4B-00C04F79EFBC}") = "GK.FSL.Api", "src\GK.FSL.Api\GK.FSL.Api.csproj", "{85096B43-B602-4085-A9F3-1EE92B92F016}"
EndProject
Project("{FAE04EC0-301F-11D3-BF4B-00C04F79EFBC}") = "GK.FSL.Core", "src\GK.FSL.Core\GK.FSL.Core.csproj", "{14E90487-B52B-451B-A2D4-6E41487F98E2}"
EndProject
Project("{FAE04EC0-301F-11D3-BF4B-00C04F79EFBC}") = "GK.FSL.Migrations", "src\GK.FSL.Migrations\GK.FSL.Migrations.csproj", "{514E1B8D-D477-42B3-97D6-B56117E895CB}"
EndProject
Project("{FAE04EC0-301F-11D3-BF4B-00C04F79EFBC}") = "GK.FSL.Registration", "src\GK.FSL.Registration\GK.FSL.Registration.csproj", "{A48C9EB3-28AD-4EC7-AA79-CD197A7F4698}"
EndProject
Project("{2150E333-8FDC-42A3-9474-1A3956D46DE8}") = "Common", "Common", "{7286FC47-05A9-40AD-AE56-91EBCFF1C87C}"
EndProject
Project("{FAE04EC0-301F-11D3-BF4B-00C04F79EFBC}") = "GK.FSL.Common.Validation", "src\Common\GK.FSL.Common.Validation\GK.FSL.Common.Validation.csproj", "{98E23CDE-04A7-47D3-86AD-6D40112CE82F}"
EndProject
Project("{FAE04EC0-301F-11D3-BF4B-00C04F79EFBC}") = "GK.FSL.Common.Cryptography", "src\Common\GK.FSL.Common.Cryptography\GK.FSL.Common.Cryptography.csproj", "{1D0B2C92-22F3-47CB-BC78-CDD1595DBA35}"
EndProject
Project("{FAE04EC0-301F-11D3-BF4B-00C04F79EFBC}") = "GK.FSL.Auth", "src\GK.FSL.Auth\GK.FSL.Auth.csproj", "{91778758-E64A-4B59-B00A-DE74296145C4}"
EndProject
Global
	GlobalSection(SolutionConfigurationPlatforms) = preSolution
		Debug|Any CPU = Debug|Any CPU
		Release|Any CPU = Release|Any CPU
	EndGlobalSection
	GlobalSection(NestedProjects) = preSolution
		{85096B43-B602-4085-A9F3-1EE92B92F016} = {020DF78C-D102-46CB-8D12-79E6C0573C42}
		{14E90487-B52B-451B-A2D4-6E41487F98E2} = {020DF78C-D102-46CB-8D12-79E6C0573C42}
		{514E1B8D-D477-42B3-97D6-B56117E895CB} = {020DF78C-D102-46CB-8D12-79E6C0573C42}
		{A48C9EB3-28AD-4EC7-AA79-CD197A7F4698} = {020DF78C-D102-46CB-8D12-79E6C0573C42}
		{7286FC47-05A9-40AD-AE56-91EBCFF1C87C} = {020DF78C-D102-46CB-8D12-79E6C0573C42}
		{98E23CDE-04A7-47D3-86AD-6D40112CE82F} = {7286FC47-05A9-40AD-AE56-91EBCFF1C87C}
		{1D0B2C92-22F3-47CB-BC78-CDD1595DBA35} = {7286FC47-05A9-40AD-AE56-91EBCFF1C87C}
		{91778758-E64A-4B59-B00A-DE74296145C4} = {020DF78C-D102-46CB-8D12-79E6C0573C42}
	EndGlobalSection
	GlobalSection(ProjectConfigurationPlatforms) = postSolution
		{85096B43-B602-4085-A9F3-1EE92B92F016}.Debug|Any CPU.ActiveCfg = Debug|Any CPU
		{85096B43-B602-4085-A9F3-1EE92B92F016}.Debug|Any CPU.Build.0 = Debug|Any CPU
		{85096B43-B602-4085-A9F3-1EE92B92F016}.Release|Any CPU.ActiveCfg = Release|Any CPU
		{85096B43-B602-4085-A9F3-1EE92B92F016}.Release|Any CPU.Build.0 = Release|Any CPU
		{14E90487-B52B-451B-A2D4-6E41487F98E2}.Debug|Any CPU.ActiveCfg = Debug|Any CPU
		{14E90487-B52B-451B-A2D4-6E41487F98E2}.Debug|Any CPU.Build.0 = Debug|Any CPU
		{14E90487-B52B-451B-A2D4-6E41487F98E2}.Release|Any CPU.ActiveCfg = Release|Any CPU
		{14E90487-B52B-451B-A2D4-6E41487F98E2}.Release|Any CPU.Build.0 = Release|Any CPU
		{514E1B8D-D477-42B3-97D6-B56117E895CB}.Debug|Any CPU.ActiveCfg = Debug|Any CPU
		{514E1B8D-D477-42B3-97D6-B56117E895CB}.Debug|Any CPU.Build.0 = Debug|Any CPU
		{514E1B8D-D477-42B3-97D6-B56117E895CB}.Release|Any CPU.ActiveCfg = Release|Any CPU
		{514E1B8D-D477-42B3-97D6-B56117E895CB}.Release|Any CPU.Build.0 = Release|Any CPU
		{A48C9EB3-28AD-4EC7-AA79-CD197A7F4698}.Debug|Any CPU.ActiveCfg = Debug|Any CPU
		{A48C9EB3-28AD-4EC7-AA79-CD197A7F4698}.Debug|Any CPU.Build.0 = Debug|Any CPU
		{A48C9EB3-28AD-4EC7-AA79-CD197A7F4698}.Release|Any CPU.ActiveCfg = Release|Any CPU
		{A48C9EB3-28AD-4EC7-AA79-CD197A7F4698}.Release|Any CPU.Build.0 = Release|Any CPU
		{98E23CDE-04A7-47D3-86AD-6D40112CE82F}.Debug|Any CPU.ActiveCfg = Debug|Any CPU
		{98E23CDE-04A7-47D3-86AD-6D40112CE82F}.Debug|Any CPU.Build.0 = Debug|Any CPU
		{98E23CDE-04A7-47D3-86AD-6D40112CE82F}.Release|Any CPU.ActiveCfg = Release|Any CPU
		{98E23CDE-04A7-47D3-86AD-6D40112CE82F}.Release|Any CPU.Build.0 = Release|Any CPU
		{1D0B2C92-22F3-47CB-BC78-CDD1595DBA35}.Debug|Any CPU.ActiveCfg = Debug|Any CPU
		{1D0B2C92-22F3-47CB-BC78-CDD1595DBA35}.Debug|Any CPU.Build.0 = Debug|Any CPU
		{1D0B2C92-22F3-47CB-BC78-CDD1595DBA35}.Release|Any CPU.ActiveCfg = Release|Any CPU
		{1D0B2C92-22F3-47CB-BC78-CDD1595DBA35}.Release|Any CPU.Build.0 = Release|Any CPU
		{91778758-E64A-4B59-B00A-DE74296145C4}.Debug|Any CPU.ActiveCfg = Debug|Any CPU
		{91778758-E64A-4B59-B00A-DE74296145C4}.Debug|Any CPU.Build.0 = Debug|Any CPU
		{91778758-E64A-4B59-B00A-DE74296145C4}.Release|Any CPU.ActiveCfg = Release|Any CPU
		{91778758-E64A-4B59-B00A-DE74296145C4}.Release|Any CPU.Build.0 = Release|Any CPU
	EndGlobalSection
EndGlobal
